// !$*UTF8*$!
{
	archiveVersion = 1;
	classes = {
	};
	objectVersion = 46;
	objects = {

/* Begin PBXBuildFile section */
		04274A431F61C4A800A94391 /* AppDelegate.swift in Sources */ = {isa = PBXBuildFile; fileRef = 04274A421F61C4A800A94391 /* AppDelegate.swift */; };
		04274A451F61C4A800A94391 /* ViewController.swift in Sources */ = {isa = PBXBuildFile; fileRef = 04274A441F61C4A800A94391 /* ViewController.swift */; };
		04274A481F61C4A800A94391 /* Main.storyboard in Resources */ = {isa = PBXBuildFile; fileRef = 04274A461F61C4A800A94391 /* Main.storyboard */; };
		04274A4B1F61C4A800A94391 /* networkingExample.xcdatamodeld in Sources */ = {isa = PBXBuildFile; fileRef = 04274A491F61C4A800A94391 /* networkingExample.xcdatamodeld */; };
		04274A4D1F61C4A800A94391 /* Assets.xcassets in Resources */ = {isa = PBXBuildFile; fileRef = 04274A4C1F61C4A800A94391 /* Assets.xcassets */; };
		04274A501F61C4A800A94391 /* LaunchScreen.storyboard in Resources */ = {isa = PBXBuildFile; fileRef = 04274A4E1F61C4A800A94391 /* LaunchScreen.storyboard */; };
		04274A5B1F61C5CE00A94391 /* Networking.swift in Sources */ = {isa = PBXBuildFile; fileRef = 04274A5A1F61C5CE00A94391 /* Networking.swift */; };
/* End PBXBuildFile section */

/* Begin PBXFileReference section */
		04274A3F1F61C4A800A94391 /* networkingExample.app */ = {isa = PBXFileReference; explicitFileType = wrapper.application; includeInIndex = 0; path = networkingExample.app; sourceTree = BUILT_PRODUCTS_DIR; };
		04274A421F61C4A800A94391 /* AppDelegate.swift */ = {isa = PBXFileReference; lastKnownFileType = sourcecode.swift; name = AppDelegate.swift; path = networkingExample/AppDelegate.swift; sourceTree = "<group>"; };
		04274A441F61C4A800A94391 /* ViewController.swift */ = {isa = PBXFileReference; lastKnownFileType = sourcecode.swift; name = ViewController.swift; path = networkingExample/ViewController.swift; sourceTree = "<group>"; };
		04274A471F61C4A800A94391 /* Base */ = {isa = PBXFileReference; lastKnownFileType = file.storyboard; name = Base; path = Base.lproj/Main.storyboard; sourceTree = "<group>"; };
		04274A4A1F61C4A800A94391 /* networkingExample.xcdatamodel */ = {isa = PBXFileReference; lastKnownFileType = wrapper.xcdatamodel; path = networkingExample.xcdatamodel; sourceTree = "<group>"; };
		04274A4C1F61C4A800A94391 /* Assets.xcassets */ = {isa = PBXFileReference; lastKnownFileType = folder.assetcatalog; path = Assets.xcassets; sourceTree = "<group>"; };
		04274A4F1F61C4A800A94391 /* Base */ = {isa = PBXFileReference; lastKnownFileType = file.storyboard; name = Base; path = Base.lproj/LaunchScreen.storyboard; sourceTree = "<group>"; };
		04274A511F61C4A800A94391 /* Info.plist */ = {isa = PBXFileReference; lastKnownFileType = text.plist.xml; path = Info.plist; sourceTree = "<group>"; };
		04274A5A1F61C5CE00A94391 /* Networking.swift */ = {isa = PBXFileReference; fileEncoding = 4; lastKnownFileType = sourcecode.swift; name = Networking.swift; path = networkingExample/Networking.swift; sourceTree = "<group>"; };
/* End PBXFileReference section */

/* Begin PBXFrameworksBuildPhase section */
		04274A3C1F61C4A800A94391 /* Frameworks */ = {
			isa = PBXFrameworksBuildPhase;
			buildActionMask = 2147483647;
			files = (
			);
			runOnlyForDeploymentPostprocessing = 0;
		};
/* End PBXFrameworksBuildPhase section */

/* Begin PBXGroup section */
		04274A361F61C4A800A94391 = {
			isa = PBXGroup;
			children = (
				04274A411F61C4A800A94391 /* networkingExample */,
				04274A401F61C4A800A94391 /* Products */,
			);
			sourceTree = "<group>";
		};
		04274A401F61C4A800A94391 /* Products */ = {
			isa = PBXGroup;
			children = (
				04274A3F1F61C4A800A94391 /* networkingExample.app */,
			);
			name = Products;
			sourceTree = "<group>";
		};
		04274A411F61C4A800A94391 /* networkingExample */ = {
			isa = PBXGroup;
			children = (
				04274A591F61C4FF00A94391 /* Controllers */,
				04274A571F61C4CE00A94391 /* View */,
				04274A581F61C4EF00A94391 /* Model */,
				04274A4C1F61C4A800A94391 /* Assets.xcassets */,
				04274A511F61C4A800A94391 /* Info.plist */,
				04274A491F61C4A800A94391 /* networkingExample.xcdatamodeld */,
			);
			path = networkingExample;
			sourceTree = "<group>";
		};
		04274A571F61C4CE00A94391 /* View */ = {
			isa = PBXGroup;
			children = (
				04274A461F61C4A800A94391 /* Main.storyboard */,
				04274A4E1F61C4A800A94391 /* LaunchScreen.storyboard */,
			);
			name = View;
			path = ..;
			sourceTree = "<group>";
		};
		04274A581F61C4EF00A94391 /* Model */ = {
			isa = PBXGroup;
			children = (
				04274A421F61C4A800A94391 /* AppDelegate.swift */,
			);
			name = Model;
			path = ..;
			sourceTree = "<group>";
		};
		04274A591F61C4FF00A94391 /* Controllers */ = {
			isa = PBXGroup;
			children = (
				04274A441F61C4A800A94391 /* ViewController.swift */,
				04274A5A1F61C5CE00A94391 /* Networking.swift */,
			);
			name = Controllers;
			path = ..;
			sourceTree = "<group>";
		};
/* End PBXGroup section */

/* Begin PBXNativeTarget section */
		04274A3E1F61C4A800A94391 /* networkingExample */ = {
			isa = PBXNativeTarget;
			buildConfigurationList = 04274A541F61C4A800A94391 /* Build configuration list for PBXNativeTarget "networkingExample" */;
			buildPhases = (
				04274A3B1F61C4A800A94391 /* Sources */,
				04274A3C1F61C4A800A94391 /* Frameworks */,
				04274A3D1F61C4A800A94391 /* Resources */,
			);
			buildRules = (
			);
			dependencies = (
			);
			name = networkingExample;
			productName = networkingExample;
			productReference = 04274A3F1F61C4A800A94391 /* networkingExample.app */;
			productType = "com.apple.product-type.application";
		};
/* End PBXNativeTarget section */

/* Begin PBXProject section */
		04274A371F61C4A800A94391 /* Project object */ = {
			isa = PBXProject;
			attributes = {
				LastSwiftUpdateCheck = 0830;
				LastUpgradeCheck = 0830;
				ORGANIZATIONNAME = Mac;
				TargetAttributes = {
					04274A3E1F61C4A800A94391 = {
						CreatedOnToolsVersion = 8.3.3;
						ProvisioningStyle = Automatic;
					};
				};
			};
			buildConfigurationList = 04274A3A1F61C4A800A94391 /* Build configuration list for PBXProject "networkingExample" */;
			compatibilityVersion = "Xcode 3.2";
			developmentRegion = English;
			hasScannedForEncodings = 0;
			knownRegions = (
				en,
				Base,
			);
			mainGroup = 04274A361F61C4A800A94391;
			productRefGroup = 04274A401F61C4A800A94391 /* Products */;
			projectDirPath = "";
			projectRoot = "";
			targets = (
				04274A3E1F61C4A800A94391 /* networkingExample */,
			);
		};
/* End PBXProject section */

/* Begin PBXResourcesBuildPhase section */
		04274A3D1F61C4A800A94391 /* Resources */ = {
			isa = PBXResourcesBuildPhase;
			buildActionMask = 2147483647;
			files = (
				04274A501F61C4A800A94391 /* LaunchScreen.storyboard in Resources */,
				04274A4D1F61C4A800A94391 /* Assets.xcassets in Resources */,
				04274A481F61C4A800A94391 /* Main.storyboard in Resources */,
			);
			runOnlyForDeploymentPostprocessing = 0;
		};
/* End PBXResourcesBuildPhase section */

/* Begin PBXSourcesBuildPhase section */
		04274A3B1F61C4A800A94391 /* Sources */ = {
			isa = PBXSourcesBuildPhase;
			buildActionMask = 2147483647;
			files = (
				04274A451F61C4A800A94391 /* ViewController.swift in Sources */,
				04274A431F61C4A800A94391 /* AppDelegate.swift in Sources */,
				04274A4B1F61C4A800A94391 /* networkingExample.xcdatamodeld in Sources */,
				04274A5B1F61C5CE00A94391 /* Networking.swift in Sources */,
			);
			runOnlyForDeploymentPostprocessing = 0;
		};
/* End PBXSourcesBuildPhase section */

/* Begin PBXVariantGroup section */
		04274A461F61C4A800A94391 /* Main.storyboard */ = {
			isa = PBXVariantGroup;
			children = (
				04274A471F61C4A800A94391 /* Base */,
			);
			name = Main.storyboard;
			path = networkingExample;
			sourceTree = "<group>";
		};
		04274A4E1F61C4A800A94391 /* LaunchScreen.storyboard */ = {
			isa = PBXVariantGroup;
			children = (
				04274A4F1F61C4A800A94391 /* Base */,
			);
			name = LaunchScreen.storyboard;
			path = networkingExample;
			sourceTree = "<group>";
		};
/* End PBXVariantGroup section */

/* Begin XCBuildConfiguration section */
		04274A521F61C4A800A94391 /* Debug */ = {
			isa = XCBuildConfiguration;
			buildSettings = {
				ALWAYS_SEARCH_USER_PATHS = NO;
				CLANG_ANALYZER_NONNULL = YES;
				CLANG_ANALYZER_NUMBER_OBJECT_CONVERSION = YES_AGGRESSIVE;
				CLANG_CXX_LANGUAGE_STANDARD = "gnu++0x";
				CLANG_CXX_LIBRARY = "libc++";
				CLANG_ENABLE_MODULES = YES;
				CLANG_ENABLE_OBJC_ARC = YES;
				CLANG_WARN_BOOL_CONVERSION = YES;
				CLANG_WARN_CONSTANT_CONVERSION = YES;
				CLANG_WARN_DIRECT_OBJC_ISA_USAGE = YES_ERROR;
				CLANG_WARN_DOCUMENTATION_COMMENTS = YES;
				CLANG_WARN_EMPTY_BODY = YES;
				CLANG_WARN_ENUM_CONVERSION = YES;
				CLANG_WARN_INFINITE_RECURSION = YES;
				CLANG_WARN_INT_CONVERSION = YES;
				CLANG_WARN_OBJC_ROOT_CLASS = YES_ERROR;
				CLANG_WARN_SUSPICIOUS_MOVE = YES;
				CLANG_WARN_UNREACHABLE_CODE = YES;
				CLANG_WARN__DUPLICATE_METHOD_MATCH = YES;
				"CODE_SIGN_IDENTITY[sdk=iphoneos*]" = "iPhone Developer";
				COPY_PHASE_STRIP = NO;
				DEBUG_INFORMATION_FORMAT = dwarf;
				ENABLE_STRICT_OBJC_MSGSEND = YES;
				ENABLE_TESTABILITY = YES;
				GCC_C_LANGUAGE_STANDARD = gnu99;
				GCC_DYNAMIC_NO_PIC = NO;
				GCC_NO_COMMON_BLOCKS = YES;
				GCC_OPTIMIZATION_LEVEL = 0;
				GCC_PREPROCESSOR_DEFINITIONS = (
					"DEBUG=1",
					"$(inherited)",
				);
				GCC_WARN_64_TO_32_BIT_CONVERSION = YES;
				GCC_WARN_ABOUT_RETURN_TYPE = YES_ERROR;
				GCC_WARN_UNDECLARED_SELECTOR = YES;
				GCC_WARN_UNINITIALIZED_AUTOS = YES_AGGRESSIVE;
				GCC_WARN_UNUSED_FUNCTION = YES;
				GCC_WARN_UNUSED_VARIABLE = YES;
				IPHONEOS_DEPLOYMENT_TARGET = 10.3;
				MTL_ENABLE_DEBUG_INFO = YES;
				ONLY_ACTIVE_ARCH = YES;
				SDKROOT = iphoneos;
				SWIFT_ACTIVE_COMPILATION_CONDITIONS = DEBUG;
				SWIFT_OPTIMIZATION_LEVEL = "-Onone";
				TARGETED_DEVICE_FAMILY = "1,2";
			};
			name = Debug;
		};
		04274A531F61C4A800A94391 /* Release */ = {
			isa = XCBuildConfiguration;
			buildSettings = {
				ALWAYS_SEARCH_USER_PATHS = NO;
				CLANG_ANALYZER_NONNULL = YES;
				CLANG_ANALYZER_NUMBER_OBJECT_CONVERSION = YES_AGGRESSIVE;
				CLANG_CXX_LANGUAGE_STANDARD = "gnu++0x";
				CLANG_CXX_LIBRARY = "libc++";
				CLANG_ENABLE_MODULES = YES;
				CLANG_ENABLE_OBJC_ARC = YES;
				CLANG_WARN_BOOL_CONVERSION = YES;
				CLANG_WARN_CONSTANT_CONVERSION = YES;
				CLANG_WARN_DIRECT_OBJC_ISA_USAGE = YES_ERROR;
				CLANG_WARN_DOCUMENTATION_COMMENTS = YES;
				CLANG_WARN_EMPTY_BODY = YES;
				CLANG_WARN_ENUM_CONVERSION = YES;
				CLANG_WARN_INFINITE_RECURSION = YES;
				CLANG_WARN_INT_CONVERSION = YES;
				CLANG_WARN_OBJC_ROOT_CLASS = YES_ERROR;
				CLANG_WARN_SUSPICIOUS_MOVE = YES;
				CLANG_WARN_UNREACHABLE_CODE = YES;
				CLANG_WARN__DUPLICATE_METHOD_MATCH = YES;
				"CODE_SIGN_IDENTITY[sdk=iphoneos*]" = "iPhone Developer";
				COPY_PHASE_STRIP = NO;
				DEBUG_INFORMATION_FORMAT = "dwarf-with-dsym";
				ENABLE_NS_ASSERTIONS = NO;
				ENABLE_STRICT_OBJC_MSGSEND = YES;
				GCC_C_LANGUAGE_STANDARD = gnu99;
				GCC_NO_COMMON_BLOCKS = YES;
				GCC_WARN_64_TO_32_BIT_CONVERSION = YES;
				GCC_WARN_ABOUT_RETURN_TYPE = YES_ERROR;
				GCC_WARN_UNDECLARED_SELECTOR = YES;
				GCC_WARN_UNINITIALIZED_AUTOS = YES_AGGRESSIVE;
				GCC_WARN_UNUSED_FUNCTION = YES;
				GCC_WARN_UNUSED_VARIABLE = YES;
				IPHONEOS_DEPLOYMENT_TARGET = 10.3;
				MTL_ENABLE_DEBUG_INFO = NO;
				SDKROOT = iphoneos;
				SWIFT_OPTIMIZATION_LEVEL = "-Owholemodule";
				TARGETED_DEVICE_FAMILY = "1,2";
				VALIDATE_PRODUCT = YES;
			};
			name = Release;
		};
		04274A551F61C4A800A94391 /* Debug */ = {
			isa = XCBuildConfiguration;
			buildSettings = {
				ASSETCATALOG_COMPILER_APPICON_NAME = AppIcon;
				INFOPLIST_FILE = networkingExample/Info.plist;
				LD_RUNPATH_SEARCH_PATHS = "$(inherited) @executable_path/Frameworks";
				PRODUCT_BUNDLE_IDENTIFIER = com.chriscapistran.networkingExample;
				PRODUCT_NAME = "$(TARGET_NAME)";
				SWIFT_VERSION = 3.0;
			};
			name = Debug;
		};
		04274A561F61C4A800A94391 /* Release */ = {
			isa = XCBuildConfiguration;
			buildSettings = {
				ASSETCATALOG_COMPILER_APPICON_NAME = AppIcon;
				INFOPLIST_FILE = networkingExample/Info.plist;
				LD_RUNPATH_SEARCH_PATHS = "$(inherited) @executable_path/Frameworks";
				PRODUCT_BUNDLE_IDENTIFIER = com.chriscapistran.networkingExample;
				PRODUCT_NAME = "$(TARGET_NAME)";
				SWIFT_VERSION = 3.0;
			};
			name = Release;
		};
/* End XCBuildConfiguration section */

/* Begin XCConfigurationList section */
		04274A3A1F61C4A800A94391 /* Build configuration list for PBXProject "networkingExample" */ = {
			isa = XCConfigurationList;
			buildConfigurations = (
				04274A521F61C4A800A94391 /* Debug */,
				04274A531F61C4A800A94391 /* Release */,
			);
			defaultConfigurationIsVisible = 0;
			defaultConfigurationName = Release;
		};
		04274A541F61C4A800A94391 /* Build configuration list for PBXNativeTarget "networkingExample" */ = {
			isa = XCConfigurationList;
			buildConfigurations = (
				04274A551F61C4A800A94391 /* Debug */,
				04274A561F61C4A800A94391 /* Release */,
			);
			defaultConfigurationIsVisible = 0;
		};
/* End XCConfigurationList section */

/* Begin XCVersionGroup section */
		04274A491F61C4A800A94391 /* networkingExample.xcdatamodeld */ = {
			isa = XCVersionGroup;
			children = (
				04274A4A1F61C4A800A94391 /* networkingExample.xcdatamodel */,
			);
			currentVersion = 04274A4A1F61C4A800A94391 /* networkingExample.xcdatamodel */;
			path = networkingExample.xcdatamodeld;
			sourceTree = "<group>";
			versionGroupType = wrapper.xcdatamodel;
		};
/* End XCVersionGroup section */
	};
	rootObject = 04274A371F61C4A800A94391 /* Project object */;
}
