// !$*UTF8*$!
{
	archiveVersion = 1;
	classes = {
	};
	objectVersion = 46;
	objects = {

/* Begin PBXBuildFile section */
		04B2949D1F574E1F0096BF24 /* AppDelegate.swift in Sources */ = {isa = PBXBuildFile; fileRef = 04B2949C1F574E1F0096BF24 /* AppDelegate.swift */; };
		04B2949F1F574E1F0096BF24 /* ViewController.swift in Sources */ = {isa = PBXBuildFile; fileRef = 04B2949E1F574E1F0096BF24 /* ViewController.swift */; };
		04B294A21F574E1F0096BF24 /* Main.storyboard in Resources */ = {isa = PBXBuildFile; fileRef = 04B294A01F574E1F0096BF24 /* Main.storyboard */; };
		04B294A51F574E1F0096BF24 /* alerts.xcdatamodeld in Sources */ = {isa = PBXBuildFile; fileRef = 04B294A31F574E1F0096BF24 /* alerts.xcdatamodeld */; };
		04B294A71F574E1F0096BF24 /* Assets.xcassets in Resources */ = {isa = PBXBuildFile; fileRef = 04B294A61F574E1F0096BF24 /* Assets.xcassets */; };
		04B294AA1F574E1F0096BF24 /* LaunchScreen.storyboard in Resources */ = {isa = PBXBuildFile; fileRef = 04B294A81F574E1F0096BF24 /* LaunchScreen.storyboard */; };
		04B294B21F5752CD0096BF24 /* newclass.swift in Sources */ = {isa = PBXBuildFile; fileRef = 04B294B11F5752CD0096BF24 /* newclass.swift */; };
		04B294B41F5755EF0096BF24 /* MyLabel.swift in Sources */ = {isa = PBXBuildFile; fileRef = 04B294B31F5755EF0096BF24 /* MyLabel.swift */; };
		04B294B61F5757B30096BF24 /* MyButton.swift in Sources */ = {isa = PBXBuildFile; fileRef = 04B294B51F5757B30096BF24 /* MyButton.swift */; };
/* End PBXBuildFile section */

/* Begin PBXFileReference section */
		04B294991F574E1F0096BF24 /* alerts.app */ = {isa = PBXFileReference; explicitFileType = wrapper.application; includeInIndex = 0; path = alerts.app; sourceTree = BUILT_PRODUCTS_DIR; };
		04B2949C1F574E1F0096BF24 /* AppDelegate.swift */ = {isa = PBXFileReference; lastKnownFileType = sourcecode.swift; path = AppDelegate.swift; sourceTree = "<group>"; };
		04B2949E1F574E1F0096BF24 /* ViewController.swift */ = {isa = PBXFileReference; lastKnownFileType = sourcecode.swift; path = ViewController.swift; sourceTree = "<group>"; };
		04B294A11F574E1F0096BF24 /* Base */ = {isa = PBXFileReference; lastKnownFileType = file.storyboard; name = Base; path = Base.lproj/Main.storyboard; sourceTree = "<group>"; };
		04B294A41F574E1F0096BF24 /* alerts.xcdatamodel */ = {isa = PBXFileReference; lastKnownFileType = wrapper.xcdatamodel; path = alerts.xcdatamodel; sourceTree = "<group>"; };
		04B294A61F574E1F0096BF24 /* Assets.xcassets */ = {isa = PBXFileReference; lastKnownFileType = folder.assetcatalog; path = Assets.xcassets; sourceTree = "<group>"; };
		04B294A91F574E1F0096BF24 /* Base */ = {isa = PBXFileReference; lastKnownFileType = file.storyboard; name = Base; path = Base.lproj/LaunchScreen.storyboard; sourceTree = "<group>"; };
		04B294AB1F574E1F0096BF24 /* Info.plist */ = {isa = PBXFileReference; lastKnownFileType = text.plist.xml; path = Info.plist; sourceTree = "<group>"; };
		04B294B11F5752CD0096BF24 /* newclass.swift */ = {isa = PBXFileReference; fileEncoding = 4; lastKnownFileType = sourcecode.swift; path = newclass.swift; sourceTree = "<group>"; };
		04B294B31F5755EF0096BF24 /* MyLabel.swift */ = {isa = PBXFileReference; fileEncoding = 4; lastKnownFileType = sourcecode.swift; path = MyLabel.swift; sourceTree = "<group>"; };
		04B294B51F5757B30096BF24 /* MyButton.swift */ = {isa = PBXFileReference; fileEncoding = 4; lastKnownFileType = sourcecode.swift; path = MyButton.swift; sourceTree = "<group>"; };
/* End PBXFileReference section */

/* Begin PBXFrameworksBuildPhase section */
		04B294961F574E1F0096BF24 /* Frameworks */ = {
			isa = PBXFrameworksBuildPhase;
			buildActionMask = 2147483647;
			files = (
			);
			runOnlyForDeploymentPostprocessing = 0;
		};
/* End PBXFrameworksBuildPhase section */

/* Begin PBXGroup section */
		04B294901F574E1F0096BF24 = {
			isa = PBXGroup;
			children = (
				04B2949B1F574E1F0096BF24 /* alerts */,
				04B2949A1F574E1F0096BF24 /* Products */,
			);
			sourceTree = "<group>";
		};
		04B2949A1F574E1F0096BF24 /* Products */ = {
			isa = PBXGroup;
			children = (
				04B294991F574E1F0096BF24 /* alerts.app */,
			);
			name = Products;
			sourceTree = "<group>";
		};
		04B2949B1F574E1F0096BF24 /* alerts */ = {
			isa = PBXGroup;
			children = (
				04B2949C1F574E1F0096BF24 /* AppDelegate.swift */,
				04B2949E1F574E1F0096BF24 /* ViewController.swift */,
				04B294B51F5757B30096BF24 /* MyButton.swift */,
				04B294A01F574E1F0096BF24 /* Main.storyboard */,
				04B294B31F5755EF0096BF24 /* MyLabel.swift */,
				04B294B11F5752CD0096BF24 /* newclass.swift */,
				04B294A61F574E1F0096BF24 /* Assets.xcassets */,
				04B294A81F574E1F0096BF24 /* LaunchScreen.storyboard */,
				04B294AB1F574E1F0096BF24 /* Info.plist */,
				04B294A31F574E1F0096BF24 /* alerts.xcdatamodeld */,
			);
			path = alerts;
			sourceTree = "<group>";
		};
/* End PBXGroup section */

/* Begin PBXNativeTarget section */
		04B294981F574E1F0096BF24 /* alerts */ = {
			isa = PBXNativeTarget;
			buildConfigurationList = 04B294AE1F574E1F0096BF24 /* Build configuration list for PBXNativeTarget "alerts" */;
			buildPhases = (
				04B294951F574E1F0096BF24 /* Sources */,
				04B294961F574E1F0096BF24 /* Frameworks */,
				04B294971F574E1F0096BF24 /* Resources */,
			);
			buildRules = (
			);
			dependencies = (
			);
			name = alerts;
			productName = alerts;
			productReference = 04B294991F574E1F0096BF24 /* alerts.app */;
			productType = "com.apple.product-type.application";
		};
/* End PBXNativeTarget section */

/* Begin PBXProject section */
		04B294911F574E1F0096BF24 /* Project object */ = {
			isa = PBXProject;
			attributes = {
				LastSwiftUpdateCheck = 0830;
				LastUpgradeCheck = 0830;
				ORGANIZATIONNAME = Mac;
				TargetAttributes = {
					04B294981F574E1F0096BF24 = {
						CreatedOnToolsVersion = 8.3.3;
						ProvisioningStyle = Automatic;
					};
				};
			};
			buildConfigurationList = 04B294941F574E1F0096BF24 /* Build configuration list for PBXProject "alerts" */;
			compatibilityVersion = "Xcode 3.2";
			developmentRegion = English;
			hasScannedForEncodings = 0;
			knownRegions = (
				en,
				Base,
			);
			mainGroup = 04B294901F574E1F0096BF24;
			productRefGroup = 04B2949A1F574E1F0096BF24 /* Products */;
			projectDirPath = "";
			projectRoot = "";
			targets = (
				04B294981F574E1F0096BF24 /* alerts */,
			);
		};
/* End PBXProject section */

/* Begin PBXResourcesBuildPhase section */
		04B294971F574E1F0096BF24 /* Resources */ = {
			isa = PBXResourcesBuildPhase;
			buildActionMask = 2147483647;
			files = (
				04B294AA1F574E1F0096BF24 /* LaunchScreen.storyboard in Resources */,
				04B294A71F574E1F0096BF24 /* Assets.xcassets in Resources */,
				04B294A21F574E1F0096BF24 /* Main.storyboard in Resources */,
			);
			runOnlyForDeploymentPostprocessing = 0;
		};
/* End PBXResourcesBuildPhase section */

/* Begin PBXSourcesBuildPhase section */
		04B294951F574E1F0096BF24 /* Sources */ = {
			isa = PBXSourcesBuildPhase;
			buildActionMask = 2147483647;
			files = (
				04B2949F1F574E1F0096BF24 /* ViewController.swift in Sources */,
				04B294B41F5755EF0096BF24 /* MyLabel.swift in Sources */,
				04B294B21F5752CD0096BF24 /* newclass.swift in Sources */,
				04B294A51F574E1F0096BF24 /* alerts.xcdatamodeld in Sources */,
				04B2949D1F574E1F0096BF24 /* AppDelegate.swift in Sources */,
				04B294B61F5757B30096BF24 /* MyButton.swift in Sources */,
			);
			runOnlyForDeploymentPostprocessing = 0;
		};
/* End PBXSourcesBuildPhase section */

/* Begin PBXVariantGroup section */
		04B294A01F574E1F0096BF24 /* Main.storyboard */ = {
			isa = PBXVariantGroup;
			children = (
				04B294A11F574E1F0096BF24 /* Base */,
			);
			name = Main.storyboard;
			sourceTree = "<group>";
		};
		04B294A81F574E1F0096BF24 /* LaunchScreen.storyboard */ = {
			isa = PBXVariantGroup;
			children = (
				04B294A91F574E1F0096BF24 /* Base */,
			);
			name = LaunchScreen.storyboard;
			sourceTree = "<group>";
		};
/* End PBXVariantGroup section */

/* Begin XCBuildConfiguration section */
		04B294AC1F574E1F0096BF24 /* Debug */ = {
			isa = XCBuildConfiguration;
			buildSettings = {
				ALWAYS_SEARCH_USER_PATHS = NO;
				CLANG_ANALYZER_NONNULL = YES;
				CLANG_ANALYZER_NUMBER_OBJECT_CONVERSION = YES_AGGRESSIVE;
				CLANG_CXX_LANGUAGE_STANDARD = "gnu++0x";
				CLANG_CXX_LIBRARY = "libc++";
				CLANG_ENABLE_MODULES = YES;
				CLANG_ENABLE_OBJC_ARC = YES;
				CLANG_WARN_BOOL_CONVERSION = YES;
				CLANG_WARN_CONSTANT_CONVERSION = YES;
				CLANG_WARN_DIRECT_OBJC_ISA_USAGE = YES_ERROR;
				CLANG_WARN_DOCUMENTATION_COMMENTS = YES;
				CLANG_WARN_EMPTY_BODY = YES;
				CLANG_WARN_ENUM_CONVERSION = YES;
				CLANG_WARN_INFINITE_RECURSION = YES;
				CLANG_WARN_INT_CONVERSION = YES;
				CLANG_WARN_OBJC_ROOT_CLASS = YES_ERROR;
				CLANG_WARN_SUSPICIOUS_MOVE = YES;
				CLANG_WARN_UNREACHABLE_CODE = YES;
				CLANG_WARN__DUPLICATE_METHOD_MATCH = YES;
				"CODE_SIGN_IDENTITY[sdk=iphoneos*]" = "iPhone Developer";
				COPY_PHASE_STRIP = NO;
				DEBUG_INFORMATION_FORMAT = dwarf;
				ENABLE_STRICT_OBJC_MSGSEND = YES;
				ENABLE_TESTABILITY = YES;
				GCC_C_LANGUAGE_STANDARD = gnu99;
				GCC_DYNAMIC_NO_PIC = NO;
				GCC_NO_COMMON_BLOCKS = YES;
				GCC_OPTIMIZATION_LEVEL = 0;
				GCC_PREPROCESSOR_DEFINITIONS = (
					"DEBUG=1",
					"$(inherited)",
				);
				GCC_WARN_64_TO_32_BIT_CONVERSION = YES;
				GCC_WARN_ABOUT_RETURN_TYPE = YES_ERROR;
				GCC_WARN_UNDECLARED_SELECTOR = YES;
				GCC_WARN_UNINITIALIZED_AUTOS = YES_AGGRESSIVE;
				GCC_WARN_UNUSED_FUNCTION = YES;
				GCC_WARN_UNUSED_VARIABLE = YES;
				IPHONEOS_DEPLOYMENT_TARGET = 10.3;
				MTL_ENABLE_DEBUG_INFO = YES;
				ONLY_ACTIVE_ARCH = YES;
				SDKROOT = iphoneos;
				SWIFT_ACTIVE_COMPILATION_CONDITIONS = DEBUG;
				SWIFT_OPTIMIZATION_LEVEL = "-Onone";
				TARGETED_DEVICE_FAMILY = "1,2";
			};
			name = Debug;
		};
		04B294AD1F574E1F0096BF24 /* Release */ = {
			isa = XCBuildConfiguration;
			buildSettings = {
				ALWAYS_SEARCH_USER_PATHS = NO;
				CLANG_ANALYZER_NONNULL = YES;
				CLANG_ANALYZER_NUMBER_OBJECT_CONVERSION = YES_AGGRESSIVE;
				CLANG_CXX_LANGUAGE_STANDARD = "gnu++0x";
				CLANG_CXX_LIBRARY = "libc++";
				CLANG_ENABLE_MODULES = YES;
				CLANG_ENABLE_OBJC_ARC = YES;
				CLANG_WARN_BOOL_CONVERSION = YES;
				CLANG_WARN_CONSTANT_CONVERSION = YES;
				CLANG_WARN_DIRECT_OBJC_ISA_USAGE = YES_ERROR;
				CLANG_WARN_DOCUMENTATION_COMMENTS = YES;
				CLANG_WARN_EMPTY_BODY = YES;
				CLANG_WARN_ENUM_CONVERSION = YES;
				CLANG_WARN_INFINITE_RECURSION = YES;
				CLANG_WARN_INT_CONVERSION = YES;
				CLANG_WARN_OBJC_ROOT_CLASS = YES_ERROR;
				CLANG_WARN_SUSPICIOUS_MOVE = YES;
				CLANG_WARN_UNREACHABLE_CODE = YES;
				CLANG_WARN__DUPLICATE_METHOD_MATCH = YES;
				"CODE_SIGN_IDENTITY[sdk=iphoneos*]" = "iPhone Developer";
				COPY_PHASE_STRIP = NO;
				DEBUG_INFORMATION_FORMAT = "dwarf-with-dsym";
				ENABLE_NS_ASSERTIONS = NO;
				ENABLE_STRICT_OBJC_MSGSEND = YES;
				GCC_C_LANGUAGE_STANDARD = gnu99;
				GCC_NO_COMMON_BLOCKS = YES;
				GCC_WARN_64_TO_32_BIT_CONVERSION = YES;
				GCC_WARN_ABOUT_RETURN_TYPE = YES_ERROR;
				GCC_WARN_UNDECLARED_SELECTOR = YES;
				GCC_WARN_UNINITIALIZED_AUTOS = YES_AGGRESSIVE;
				GCC_WARN_UNUSED_FUNCTION = YES;
				GCC_WARN_UNUSED_VARIABLE = YES;
				IPHONEOS_DEPLOYMENT_TARGET = 10.3;
				MTL_ENABLE_DEBUG_INFO = NO;
				SDKROOT = iphoneos;
				SWIFT_OPTIMIZATION_LEVEL = "-Owholemodule";
				TARGETED_DEVICE_FAMILY = "1,2";
				VALIDATE_PRODUCT = YES;
			};
			name = Release;
		};
		04B294AF1F574E1F0096BF24 /* Debug */ = {
			isa = XCBuildConfiguration;
			buildSettings = {
				ASSETCATALOG_COMPILER_APPICON_NAME = AppIcon;
				INFOPLIST_FILE = alerts/Info.plist;
				LD_RUNPATH_SEARCH_PATHS = "$(inherited) @executable_path/Frameworks";
				PRODUCT_BUNDLE_IDENTIFIER = com.chriscapistran.alerts;
				PRODUCT_NAME = "$(TARGET_NAME)";
				SWIFT_VERSION = 3.0;
			};
			name = Debug;
		};
		04B294B01F574E1F0096BF24 /* Release */ = {
			isa = XCBuildConfiguration;
			buildSettings = {
				ASSETCATALOG_COMPILER_APPICON_NAME = AppIcon;
				INFOPLIST_FILE = alerts/Info.plist;
				LD_RUNPATH_SEARCH_PATHS = "$(inherited) @executable_path/Frameworks";
				PRODUCT_BUNDLE_IDENTIFIER = com.chriscapistran.alerts;
				PRODUCT_NAME = "$(TARGET_NAME)";
				SWIFT_VERSION = 3.0;
			};
			name = Release;
		};
/* End XCBuildConfiguration section */

/* Begin XCConfigurationList section */
		04B294941F574E1F0096BF24 /* Build configuration list for PBXProject "alerts" */ = {
			isa = XCConfigurationList;
			buildConfigurations = (
				04B294AC1F574E1F0096BF24 /* Debug */,
				04B294AD1F574E1F0096BF24 /* Release */,
			);
			defaultConfigurationIsVisible = 0;
			defaultConfigurationName = Release;
		};
		04B294AE1F574E1F0096BF24 /* Build configuration list for PBXNativeTarget "alerts" */ = {
			isa = XCConfigurationList;
			buildConfigurations = (
				04B294AF1F574E1F0096BF24 /* Debug */,
				04B294B01F574E1F0096BF24 /* Release */,
			);
			defaultConfigurationIsVisible = 0;
		};
/* End XCConfigurationList section */

/* Begin XCVersionGroup section */
		04B294A31F574E1F0096BF24 /* alerts.xcdatamodeld */ = {
			isa = XCVersionGroup;
			children = (
				04B294A41F574E1F0096BF24 /* alerts.xcdatamodel */,
			);
			currentVersion = 04B294A41F574E1F0096BF24 /* alerts.xcdatamodel */;
			path = alerts.xcdatamodeld;
			sourceTree = "<group>";
			versionGroupType = wrapper.xcdatamodel;
		};
/* End XCVersionGroup section */
	};
	rootObject = 04B294911F574E1F0096BF24 /* Project object */;
}
