// !$*UTF8*$!
{
	archiveVersion = 1;
	classes = {
	};
	objectVersion = 48;
	objects = {

/* Begin PBXBuildFile section */
		0408871D1F7D952A00A545DE /* AppDelegate.swift in Sources */ = {isa = PBXBuildFile; fileRef = 0408871C1F7D952A00A545DE /* AppDelegate.swift */; };
		0408871F1F7D952A00A545DE /* ViewController.swift in Sources */ = {isa = PBXBuildFile; fileRef = 0408871E1F7D952A00A545DE /* ViewController.swift */; };
		040887221F7D952A00A545DE /* Main.storyboard in Resources */ = {isa = PBXBuildFile; fileRef = 040887201F7D952A00A545DE /* Main.storyboard */; };
		040887251F7D952A00A545DE /* testProject.xcdatamodeld in Sources */ = {isa = PBXBuildFile; fileRef = 040887231F7D952A00A545DE /* testProject.xcdatamodeld */; };
		040887271F7D952A00A545DE /* Assets.xcassets in Resources */ = {isa = PBXBuildFile; fileRef = 040887261F7D952A00A545DE /* Assets.xcassets */; };
		0408872A1F7D952A00A545DE /* LaunchScreen.storyboard in Resources */ = {isa = PBXBuildFile; fileRef = 040887281F7D952A00A545DE /* LaunchScreen.storyboard */; };
		040887351F7D952A00A545DE /* testProjectTests.swift in Sources */ = {isa = PBXBuildFile; fileRef = 040887341F7D952A00A545DE /* testProjectTests.swift */; };
		040887721F7D96C900A545DE /* Array2D.swift in Sources */ = {isa = PBXBuildFile; fileRef = 040887711F7D96C900A545DE /* Array2D.swift */; };
/* End PBXBuildFile section */

/* Begin PBXContainerItemProxy section */
		040887311F7D952A00A545DE /* PBXContainerItemProxy */ = {
			isa = PBXContainerItemProxy;
			containerPortal = 040887111F7D952A00A545DE /* Project object */;
			proxyType = 1;
			remoteGlobalIDString = 040887181F7D952A00A545DE;
			remoteInfo = testProject;
		};
/* End PBXContainerItemProxy section */

/* Begin PBXFileReference section */
		040887191F7D952A00A545DE /* testProject.app */ = {isa = PBXFileReference; explicitFileType = wrapper.application; includeInIndex = 0; path = testProject.app; sourceTree = BUILT_PRODUCTS_DIR; };
		0408871C1F7D952A00A545DE /* AppDelegate.swift */ = {isa = PBXFileReference; lastKnownFileType = sourcecode.swift; path = AppDelegate.swift; sourceTree = "<group>"; };
		0408871E1F7D952A00A545DE /* ViewController.swift */ = {isa = PBXFileReference; lastKnownFileType = sourcecode.swift; path = ViewController.swift; sourceTree = "<group>"; };
		040887211F7D952A00A545DE /* Base */ = {isa = PBXFileReference; lastKnownFileType = file.storyboard; name = Base; path = Base.lproj/Main.storyboard; sourceTree = "<group>"; };
		040887241F7D952A00A545DE /* testProject.xcdatamodel */ = {isa = PBXFileReference; lastKnownFileType = wrapper.xcdatamodel; path = testProject.xcdatamodel; sourceTree = "<group>"; };
		040887261F7D952A00A545DE /* Assets.xcassets */ = {isa = PBXFileReference; lastKnownFileType = folder.assetcatalog; path = Assets.xcassets; sourceTree = "<group>"; };
		040887291F7D952A00A545DE /* Base */ = {isa = PBXFileReference; lastKnownFileType = file.storyboard; name = Base; path = Base.lproj/LaunchScreen.storyboard; sourceTree = "<group>"; };
		0408872B1F7D952A00A545DE /* Info.plist */ = {isa = PBXFileReference; lastKnownFileType = text.plist.xml; path = Info.plist; sourceTree = "<group>"; };
		040887301F7D952A00A545DE /* testProjectTests.xctest */ = {isa = PBXFileReference; explicitFileType = wrapper.cfbundle; includeInIndex = 0; path = testProjectTests.xctest; sourceTree = BUILT_PRODUCTS_DIR; };
		040887341F7D952A00A545DE /* testProjectTests.swift */ = {isa = PBXFileReference; lastKnownFileType = sourcecode.swift; path = testProjectTests.swift; sourceTree = "<group>"; };
		040887361F7D952A00A545DE /* Info.plist */ = {isa = PBXFileReference; lastKnownFileType = text.plist.xml; path = Info.plist; sourceTree = "<group>"; };
		040887711F7D96C900A545DE /* Array2D.swift */ = {isa = PBXFileReference; lastKnownFileType = sourcecode.swift; path = Array2D.swift; sourceTree = "<group>"; };
/* End PBXFileReference section */

/* Begin PBXFrameworksBuildPhase section */
		040887161F7D952A00A545DE /* Frameworks */ = {
			isa = PBXFrameworksBuildPhase;
			buildActionMask = 2147483647;
			files = (
			);
			runOnlyForDeploymentPostprocessing = 0;
		};
		0408872D1F7D952A00A545DE /* Frameworks */ = {
			isa = PBXFrameworksBuildPhase;
			buildActionMask = 2147483647;
			files = (
			);
			runOnlyForDeploymentPostprocessing = 0;
		};
/* End PBXFrameworksBuildPhase section */

/* Begin PBXGroup section */
		040887101F7D952A00A545DE = {
			isa = PBXGroup;
			children = (
				0408871B1F7D952A00A545DE /* testProject */,
				040887331F7D952A00A545DE /* testProjectTests */,
				0408871A1F7D952A00A545DE /* Products */,
			);
			sourceTree = "<group>";
		};
		0408871A1F7D952A00A545DE /* Products */ = {
			isa = PBXGroup;
			children = (
				040887191F7D952A00A545DE /* testProject.app */,
				040887301F7D952A00A545DE /* testProjectTests.xctest */,
			);
			name = Products;
			sourceTree = "<group>";
		};
		0408871B1F7D952A00A545DE /* testProject */ = {
			isa = PBXGroup;
			children = (
				0408871C1F7D952A00A545DE /* AppDelegate.swift */,
				0408871E1F7D952A00A545DE /* ViewController.swift */,
				040887711F7D96C900A545DE /* Array2D.swift */,
				040887201F7D952A00A545DE /* Main.storyboard */,
				040887261F7D952A00A545DE /* Assets.xcassets */,
				040887281F7D952A00A545DE /* LaunchScreen.storyboard */,
				0408872B1F7D952A00A545DE /* Info.plist */,
				040887231F7D952A00A545DE /* testProject.xcdatamodeld */,
			);
			path = testProject;
			sourceTree = "<group>";
		};
		040887331F7D952A00A545DE /* testProjectTests */ = {
			isa = PBXGroup;
			children = (
				040887341F7D952A00A545DE /* testProjectTests.swift */,
				040887361F7D952A00A545DE /* Info.plist */,
			);
			path = testProjectTests;
			sourceTree = "<group>";
		};
/* End PBXGroup section */

/* Begin PBXNativeTarget section */
		040887181F7D952A00A545DE /* testProject */ = {
			isa = PBXNativeTarget;
			buildConfigurationList = 040887391F7D952A00A545DE /* Build configuration list for PBXNativeTarget "testProject" */;
			buildPhases = (
				040887151F7D952A00A545DE /* Sources */,
				040887161F7D952A00A545DE /* Frameworks */,
				040887171F7D952A00A545DE /* Resources */,
			);
			buildRules = (
			);
			dependencies = (
			);
			name = testProject;
			productName = testProject;
			productReference = 040887191F7D952A00A545DE /* testProject.app */;
			productType = "com.apple.product-type.application";
		};
		0408872F1F7D952A00A545DE /* testProjectTests */ = {
			isa = PBXNativeTarget;
			buildConfigurationList = 0408873C1F7D952A00A545DE /* Build configuration list for PBXNativeTarget "testProjectTests" */;
			buildPhases = (
				0408872C1F7D952A00A545DE /* Sources */,
				0408872D1F7D952A00A545DE /* Frameworks */,
				0408872E1F7D952A00A545DE /* Resources */,
			);
			buildRules = (
			);
			dependencies = (
				040887321F7D952A00A545DE /* PBXTargetDependency */,
			);
			name = testProjectTests;
			productName = testProjectTests;
			productReference = 040887301F7D952A00A545DE /* testProjectTests.xctest */;
			productType = "com.apple.product-type.bundle.unit-test";
		};
/* End PBXNativeTarget section */

/* Begin PBXProject section */
		040887111F7D952A00A545DE /* Project object */ = {
			isa = PBXProject;
			attributes = {
				LastSwiftUpdateCheck = 0900;
				LastUpgradeCheck = 0900;
				ORGANIZATIONNAME = Mac;
				TargetAttributes = {
					040887181F7D952A00A545DE = {
						CreatedOnToolsVersion = 9.0;
						ProvisioningStyle = Automatic;
					};
					0408872F1F7D952A00A545DE = {
						CreatedOnToolsVersion = 9.0;
						ProvisioningStyle = Automatic;
						TestTargetID = 040887181F7D952A00A545DE;
					};
				};
			};
			buildConfigurationList = 040887141F7D952A00A545DE /* Build configuration list for PBXProject "testProject" */;
			compatibilityVersion = "Xcode 8.0";
			developmentRegion = en;
			hasScannedForEncodings = 0;
			knownRegions = (
				en,
				Base,
			);
			mainGroup = 040887101F7D952A00A545DE;
			productRefGroup = 0408871A1F7D952A00A545DE /* Products */;
			projectDirPath = "";
			projectRoot = "";
			targets = (
				040887181F7D952A00A545DE /* testProject */,
				0408872F1F7D952A00A545DE /* testProjectTests */,
			);
		};
/* End PBXProject section */

/* Begin PBXResourcesBuildPhase section */
		040887171F7D952A00A545DE /* Resources */ = {
			isa = PBXResourcesBuildPhase;
			buildActionMask = 2147483647;
			files = (
				0408872A1F7D952A00A545DE /* LaunchScreen.storyboard in Resources */,
				040887271F7D952A00A545DE /* Assets.xcassets in Resources */,
				040887221F7D952A00A545DE /* Main.storyboard in Resources */,
			);
			runOnlyForDeploymentPostprocessing = 0;
		};
		0408872E1F7D952A00A545DE /* Resources */ = {
			isa = PBXResourcesBuildPhase;
			buildActionMask = 2147483647;
			files = (
			);
			runOnlyForDeploymentPostprocessing = 0;
		};
/* End PBXResourcesBuildPhase section */

/* Begin PBXSourcesBuildPhase section */
		040887151F7D952A00A545DE /* Sources */ = {
			isa = PBXSourcesBuildPhase;
			buildActionMask = 2147483647;
			files = (
				040887251F7D952A00A545DE /* testProject.xcdatamodeld in Sources */,
				040887721F7D96C900A545DE /* Array2D.swift in Sources */,
				0408871F1F7D952A00A545DE /* ViewController.swift in Sources */,
				0408871D1F7D952A00A545DE /* AppDelegate.swift in Sources */,
			);
			runOnlyForDeploymentPostprocessing = 0;
		};
		0408872C1F7D952A00A545DE /* Sources */ = {
			isa = PBXSourcesBuildPhase;
			buildActionMask = 2147483647;
			files = (
				040887351F7D952A00A545DE /* testProjectTests.swift in Sources */,
			);
			runOnlyForDeploymentPostprocessing = 0;
		};
/* End PBXSourcesBuildPhase section */

/* Begin PBXTargetDependency section */
		040887321F7D952A00A545DE /* PBXTargetDependency */ = {
			isa = PBXTargetDependency;
			target = 040887181F7D952A00A545DE /* testProject */;
			targetProxy = 040887311F7D952A00A545DE /* PBXContainerItemProxy */;
		};
/* End PBXTargetDependency section */

/* Begin PBXVariantGroup section */
		040887201F7D952A00A545DE /* Main.storyboard */ = {
			isa = PBXVariantGroup;
			children = (
				040887211F7D952A00A545DE /* Base */,
			);
			name = Main.storyboard;
			sourceTree = "<group>";
		};
		040887281F7D952A00A545DE /* LaunchScreen.storyboard */ = {
			isa = PBXVariantGroup;
			children = (
				040887291F7D952A00A545DE /* Base */,
			);
			name = LaunchScreen.storyboard;
			sourceTree = "<group>";
		};
/* End PBXVariantGroup section */

/* Begin XCBuildConfiguration section */
		040887371F7D952A00A545DE /* Debug */ = {
			isa = XCBuildConfiguration;
			buildSettings = {
				ALWAYS_SEARCH_USER_PATHS = NO;
				CLANG_ANALYZER_NONNULL = YES;
				CLANG_ANALYZER_NUMBER_OBJECT_CONVERSION = YES_AGGRESSIVE;
				CLANG_CXX_LANGUAGE_STANDARD = "gnu++14";
				CLANG_CXX_LIBRARY = "libc++";
				CLANG_ENABLE_MODULES = YES;
				CLANG_ENABLE_OBJC_ARC = YES;
				CLANG_WARN_BLOCK_CAPTURE_AUTORELEASING = YES;
				CLANG_WARN_BOOL_CONVERSION = YES;
				CLANG_WARN_COMMA = YES;
				CLANG_WARN_CONSTANT_CONVERSION = YES;
				CLANG_WARN_DIRECT_OBJC_ISA_USAGE = YES_ERROR;
				CLANG_WARN_DOCUMENTATION_COMMENTS = YES;
				CLANG_WARN_EMPTY_BODY = YES;
				CLANG_WARN_ENUM_CONVERSION = YES;
				CLANG_WARN_INFINITE_RECURSION = YES;
				CLANG_WARN_INT_CONVERSION = YES;
				CLANG_WARN_NON_LITERAL_NULL_CONVERSION = YES;
				CLANG_WARN_OBJC_LITERAL_CONVERSION = YES;
				CLANG_WARN_OBJC_ROOT_CLASS = YES_ERROR;
				CLANG_WARN_RANGE_LOOP_ANALYSIS = YES;
				CLANG_WARN_STRICT_PROTOTYPES = YES;
				CLANG_WARN_SUSPICIOUS_MOVE = YES;
				CLANG_WARN_UNGUARDED_AVAILABILITY = YES_AGGRESSIVE;
				CLANG_WARN_UNREACHABLE_CODE = YES;
				CLANG_WARN__DUPLICATE_METHOD_MATCH = YES;
				CODE_SIGN_IDENTITY = "iPhone Developer";
				COPY_PHASE_STRIP = NO;
				DEBUG_INFORMATION_FORMAT = dwarf;
				ENABLE_STRICT_OBJC_MSGSEND = YES;
				ENABLE_TESTABILITY = YES;
				GCC_C_LANGUAGE_STANDARD = gnu11;
				GCC_DYNAMIC_NO_PIC = NO;
				GCC_NO_COMMON_BLOCKS = YES;
				GCC_OPTIMIZATION_LEVEL = 0;
				GCC_PREPROCESSOR_DEFINITIONS = (
					"DEBUG=1",
					"$(inherited)",
				);
				GCC_WARN_64_TO_32_BIT_CONVERSION = YES;
				GCC_WARN_ABOUT_RETURN_TYPE = YES_ERROR;
				GCC_WARN_UNDECLARED_SELECTOR = YES;
				GCC_WARN_UNINITIALIZED_AUTOS = YES_AGGRESSIVE;
				GCC_WARN_UNUSED_FUNCTION = YES;
				GCC_WARN_UNUSED_VARIABLE = YES;
				IPHONEOS_DEPLOYMENT_TARGET = 11.0;
				MTL_ENABLE_DEBUG_INFO = YES;
				ONLY_ACTIVE_ARCH = YES;
				SDKROOT = iphoneos;
				SWIFT_ACTIVE_COMPILATION_CONDITIONS = DEBUG;
				SWIFT_OPTIMIZATION_LEVEL = "-Onone";
			};
			name = Debug;
		};
		040887381F7D952A00A545DE /* Release */ = {
			isa = XCBuildConfiguration;
			buildSettings = {
				ALWAYS_SEARCH_USER_PATHS = NO;
				CLANG_ANALYZER_NONNULL = YES;
				CLANG_ANALYZER_NUMBER_OBJECT_CONVERSION = YES_AGGRESSIVE;
				CLANG_CXX_LANGUAGE_STANDARD = "gnu++14";
				CLANG_CXX_LIBRARY = "libc++";
				CLANG_ENABLE_MODULES = YES;
				CLANG_ENABLE_OBJC_ARC = YES;
				CLANG_WARN_BLOCK_CAPTURE_AUTORELEASING = YES;
				CLANG_WARN_BOOL_CONVERSION = YES;
				CLANG_WARN_COMMA = YES;
				CLANG_WARN_CONSTANT_CONVERSION = YES;
				CLANG_WARN_DIRECT_OBJC_ISA_USAGE = YES_ERROR;
				CLANG_WARN_DOCUMENTATION_COMMENTS = YES;
				CLANG_WARN_EMPTY_BODY = YES;
				CLANG_WARN_ENUM_CONVERSION = YES;
				CLANG_WARN_INFINITE_RECURSION = YES;
				CLANG_WARN_INT_CONVERSION = YES;
				CLANG_WARN_NON_LITERAL_NULL_CONVERSION = YES;
				CLANG_WARN_OBJC_LITERAL_CONVERSION = YES;
				CLANG_WARN_OBJC_ROOT_CLASS = YES_ERROR;
				CLANG_WARN_RANGE_LOOP_ANALYSIS = YES;
				CLANG_WARN_STRICT_PROTOTYPES = YES;
				CLANG_WARN_SUSPICIOUS_MOVE = YES;
				CLANG_WARN_UNGUARDED_AVAILABILITY = YES_AGGRESSIVE;
				CLANG_WARN_UNREACHABLE_CODE = YES;
				CLANG_WARN__DUPLICATE_METHOD_MATCH = YES;
				CODE_SIGN_IDENTITY = "iPhone Developer";
				COPY_PHASE_STRIP = NO;
				DEBUG_INFORMATION_FORMAT = "dwarf-with-dsym";
				ENABLE_NS_ASSERTIONS = NO;
				ENABLE_STRICT_OBJC_MSGSEND = YES;
				GCC_C_LANGUAGE_STANDARD = gnu11;
				GCC_NO_COMMON_BLOCKS = YES;
				GCC_WARN_64_TO_32_BIT_CONVERSION = YES;
				GCC_WARN_ABOUT_RETURN_TYPE = YES_ERROR;
				GCC_WARN_UNDECLARED_SELECTOR = YES;
				GCC_WARN_UNINITIALIZED_AUTOS = YES_AGGRESSIVE;
				GCC_WARN_UNUSED_FUNCTION = YES;
				GCC_WARN_UNUSED_VARIABLE = YES;
				IPHONEOS_DEPLOYMENT_TARGET = 11.0;
				MTL_ENABLE_DEBUG_INFO = NO;
				SDKROOT = iphoneos;
				SWIFT_OPTIMIZATION_LEVEL = "-Owholemodule";
				VALIDATE_PRODUCT = YES;
			};
			name = Release;
		};
		0408873A1F7D952A00A545DE /* Debug */ = {
			isa = XCBuildConfiguration;
			buildSettings = {
				ASSETCATALOG_COMPILER_APPICON_NAME = AppIcon;
				CODE_SIGN_STYLE = Automatic;
				INFOPLIST_FILE = testProject/Info.plist;
				LD_RUNPATH_SEARCH_PATHS = "$(inherited) @executable_path/Frameworks";
				PRODUCT_BUNDLE_IDENTIFIER = com.chriscapistran.testProject;
				PRODUCT_NAME = "$(TARGET_NAME)";
				SWIFT_VERSION = 4.0;
				TARGETED_DEVICE_FAMILY = "1,2";
			};
			name = Debug;
		};
		0408873B1F7D952A00A545DE /* Release */ = {
			isa = XCBuildConfiguration;
			buildSettings = {
				ASSETCATALOG_COMPILER_APPICON_NAME = AppIcon;
				CODE_SIGN_STYLE = Automatic;
				INFOPLIST_FILE = testProject/Info.plist;
				LD_RUNPATH_SEARCH_PATHS = "$(inherited) @executable_path/Frameworks";
				PRODUCT_BUNDLE_IDENTIFIER = com.chriscapistran.testProject;
				PRODUCT_NAME = "$(TARGET_NAME)";
				SWIFT_VERSION = 4.0;
				TARGETED_DEVICE_FAMILY = "1,2";
			};
			name = Release;
		};
		0408873D1F7D952A00A545DE /* Debug */ = {
			isa = XCBuildConfiguration;
			buildSettings = {
				ALWAYS_EMBED_SWIFT_STANDARD_LIBRARIES = YES;
				BUNDLE_LOADER = "$(TEST_HOST)";
				CODE_SIGN_STYLE = Automatic;
				INFOPLIST_FILE = testProjectTests/Info.plist;
				LD_RUNPATH_SEARCH_PATHS = "$(inherited) @executable_path/Frameworks @loader_path/Frameworks";
				PRODUCT_BUNDLE_IDENTIFIER = com.chriscapistran.testProjectTests;
				PRODUCT_NAME = "$(TARGET_NAME)";
				SWIFT_VERSION = 4.0;
				TARGETED_DEVICE_FAMILY = "1,2";
				TEST_HOST = "$(BUILT_PRODUCTS_DIR)/testProject.app/testProject";
			};
			name = Debug;
		};
		0408873E1F7D952A00A545DE /* Release */ = {
			isa = XCBuildConfiguration;
			buildSettings = {
				ALWAYS_EMBED_SWIFT_STANDARD_LIBRARIES = YES;
				BUNDLE_LOADER = "$(TEST_HOST)";
				CODE_SIGN_STYLE = Automatic;
				INFOPLIST_FILE = testProjectTests/Info.plist;
				LD_RUNPATH_SEARCH_PATHS = "$(inherited) @executable_path/Frameworks @loader_path/Frameworks";
				PRODUCT_BUNDLE_IDENTIFIER = com.chriscapistran.testProjectTests;
				PRODUCT_NAME = "$(TARGET_NAME)";
				SWIFT_VERSION = 4.0;
				TARGETED_DEVICE_FAMILY = "1,2";
				TEST_HOST = "$(BUILT_PRODUCTS_DIR)/testProject.app/testProject";
			};
			name = Release;
		};
/* End XCBuildConfiguration section */

/* Begin XCConfigurationList section */
		040887141F7D952A00A545DE /* Build configuration list for PBXProject "testProject" */ = {
			isa = XCConfigurationList;
			buildConfigurations = (
				040887371F7D952A00A545DE /* Debug */,
				040887381F7D952A00A545DE /* Release */,
			);
			defaultConfigurationIsVisible = 0;
			defaultConfigurationName = Release;
		};
		040887391F7D952A00A545DE /* Build configuration list for PBXNativeTarget "testProject" */ = {
			isa = XCConfigurationList;
			buildConfigurations = (
				0408873A1F7D952A00A545DE /* Debug */,
				0408873B1F7D952A00A545DE /* Release */,
			);
			defaultConfigurationIsVisible = 0;
			defaultConfigurationName = Release;
		};
		0408873C1F7D952A00A545DE /* Build configuration list for PBXNativeTarget "testProjectTests" */ = {
			isa = XCConfigurationList;
			buildConfigurations = (
				0408873D1F7D952A00A545DE /* Debug */,
				0408873E1F7D952A00A545DE /* Release */,
			);
			defaultConfigurationIsVisible = 0;
			defaultConfigurationName = Release;
		};
/* End XCConfigurationList section */

/* Begin XCVersionGroup section */
		040887231F7D952A00A545DE /* testProject.xcdatamodeld */ = {
			isa = XCVersionGroup;
			children = (
				040887241F7D952A00A545DE /* testProject.xcdatamodel */,
			);
			currentVersion = 040887241F7D952A00A545DE /* testProject.xcdatamodel */;
			path = testProject.xcdatamodeld;
			sourceTree = "<group>";
			versionGroupType = wrapper.xcdatamodel;
		};
/* End XCVersionGroup section */
	};
	rootObject = 040887111F7D952A00A545DE /* Project object */;
}
